
Microsoft Visual Studio Solution File, Format Version 12.00
# Visual Studio Version 17
VisualStudioVersion = 17.7.34031.279
MinimumVisualStudioVersion = 10.0.40219.1
Project("{FAE04EC0-301F-11D3-BF4B-00C04F79EFBC}") = "YourShift", "YourShift\YourShift.csproj", "{60EFA7A2-8341-453D-98BE-27D4653F14EB}"
EndProject
Global
	GlobalSection(SolutionConfigurationPlatforms) = preSolution
		Debug|Any CPU = Debug|Any CPU
		Release|Any CPU = Release|Any CPU
	EndGlobalSection
	GlobalSection(ProjectConfigurationPlatforms) = postSolution
		{60EFA7A2-8341-453D-98BE-27D4653F14EB}.Debug|Any CPU.ActiveCfg = Debug|Any CPU
		{60EFA7A2-8341-453D-98BE-27D4653F14EB}.Debug|Any CPU.Build.0 = Debug|Any CPU
		{60EFA7A2-8341-453D-98BE-27D4653F14EB}.Release|Any CPU.ActiveCfg = Release|Any CPU
		{60EFA7A2-8341-453D-98BE-27D4653F14EB}.Release|Any CPU.Build.0 = Release|Any CPU
	EndGlobalSection
	GlobalSection(SolutionProperties) = preSolution
		HideSolutionNode = FALSE
	EndGlobalSection
	GlobalSection(ExtensibilityGlobals) = postSolution
		SolutionGuid = {D0AC2B9A-DF4B-4D02-85BA-71F85EAEF197}
	EndGlobalSection
EndGlobal
